{
  "originHash" : "1a8de1a2baffdfd3522948e55e03dec47fb4d745a1d2ca5a20d3cd2da0068b49",
  "pins" : [
    {
      "identity" : "gzipswift",
      "kind" : "remoteSourceControl",
      "location" : "https://github.com/1024jp/GzipSwift",
      "state" : {
        "revision" : "731037f6cc2be2ec01562f6597c1d0aa3fe6fd05",
        "version" : "6.0.1"
      }
    },
    {
      "identity" : "jinja",
      "kind" : "remoteSourceControl",
      "location" : "https://github.com/johnmai-dev/Jinja",
      "state" : {
        "revision" : "9c0bbbc7f553932661fc791d2c5664311af09583",
        "version" : "1.1.0"
      }
    },
    {
      "identity" : "mlx-swift",
      "kind" : "remoteSourceControl",
      "location" : "https://github.com/ml-explore/mlx-swift",
      "state" : {
        "revision" : "70dbb62128a5a1471a5ab80363430adb33470cab",
        "version" : "0.21.2"
      }
    },
    {
      "identity" : "mlx-swift-examples",
      "kind" : "remoteSourceControl",
      "location" : "https://github.com/ml-explore/mlx-swift-examples",
      "state" : {
        "revision" : "6ef303b84ec69e2e1e1da68f2059e99ee1dcef4d",
        "version" : "2.21.2"
      }
    },
    {
      "identity" : "openai",
      "kind" : "remoteSourceControl",
      "location" : "https://github.com/StanfordBDHG/OpenAI",
      "state" : {
        "revision" : "1ad95dd531d7c854a3f98f588b0eb68fa83e8a8c",
        "version" : "0.2.9"
      }
    },
    {
      "identity" : "spezi",
      "kind" : "remoteSourceControl",
      "location" : "https://github.com/StanfordSpezi/Spezi",
      "state" : {
        "revision" : "4513a697572e8e1faea1e0ee52e6fad4b8d3dd8d",
        "version" : "1.8.0"
      }
    },
    {
      "identity" : "spezichat",
      "kind" : "remoteSourceControl",
      "location" : "https://github.com/StanfordSpezi/SpeziChat",
      "state" : {
        "revision" : "940ffbec504849968305d9f956344a4f35b6cd48",
        "version" : "0.2.1"
      }
    },
    {
      "identity" : "spezifoundation",
      "kind" : "remoteSourceControl",
      "location" : "https://github.com/StanfordSpezi/SpeziFoundation",
      "state" : {
        "revision" : "c844b98242829fe44e7908739374d4c8b88d6da7",
        "version" : "2.1.0"
      }
    },
    {
      "identity" : "spezillm",
      "kind" : "remoteSourceControl",
      "location" : "https://github.com/StanfordSpezi/SpeziLLM/",
      "state" : {
        "branch" : "temp/benchmark",
        "revision" : "79b8bf9deb5906d7a7f3d46b30b726fd9cdc0b0e"
      }
    },
    {
      "identity" : "spezionboarding",
      "kind" : "remoteSourceControl",
      "location" : "https://github.com/StanfordSpezi/SpeziOnboarding",
      "state" : {
        "revision" : "a3d7bc15e6803b2205eb8dca010a48b1a40215be",
        "version" : "1.2.2"
      }
    },
    {
      "identity" : "spezispeech",
      "kind" : "remoteSourceControl",
      "location" : "https://github.com/StanfordSpezi/SpeziSpeech",
      "state" : {
        "revision" : "0b79f72fc8b0606e09787926446dfafb541669d3",
        "version" : "1.2.0"
      }
    },
    {
      "identity" : "spezistorage",
      "kind" : "remoteSourceControl",
      "location" : "https://github.com/StanfordSpezi/SpeziStorage",
      "state" : {
        "revision" : "1dc69e5fd6f02e87d00da9502176d25ef3f5795f",
        "version" : "1.2.2"
      }
    },
    {
      "identity" : "speziviews",
      "kind" : "remoteSourceControl",
      "location" : "https://github.com/StanfordSpezi/SpeziViews",
      "state" : {
        "revision" : "80c7cdfd5e50c3e279ab889cc90bbcfc88c4f24c",
        "version" : "1.9.0"
      }
    },
    {
      "identity" : "swift-algorithms",
      "kind" : "remoteSourceControl",
      "location" : "https://github.com/apple/swift-algorithms.git",
      "state" : {
        "revision" : "f6919dfc309e7f1b56224378b11e28bab5bccc42",
        "version" : "1.2.0"
      }
    },
    {
      "identity" : "swift-argument-parser",
      "kind" : "remoteSourceControl",
      "location" : "https://github.com/apple/swift-argument-parser.git",
      "state" : {
        "revision" : "41982a3656a71c768319979febd796c6fd111d5c",
        "version" : "1.5.0"
      }
    },
    {
      "identity" : "swift-atomics",
      "kind" : "remoteSourceControl",
      "location" : "https://github.com/apple/swift-atomics.git",
      "state" : {
        "revision" : "cd142fd2f64be2100422d658e7411e39489da985",
        "version" : "1.2.0"
      }
    },
    {
      "identity" : "swift-collections",
      "kind" : "remoteSourceControl",
      "location" : "https://github.com/apple/swift-collections.git",
      "state" : {
        "revision" : "671108c96644956dddcd89dd59c203dcdb36cec7",
        "version" : "1.1.4"
      }
    },
    {
      "identity" : "swift-numerics",
      "kind" : "remoteSourceControl",
      "location" : "https://github.com/apple/swift-numerics",
      "state" : {
        "revision" : "0a5bc04095a675662cf24757cc0640aa2204253b",
        "version" : "1.0.2"
      }
    },
    {
      "identity" : "swift-transformers",
      "kind" : "remoteSourceControl",
      "location" : "https://github.com/huggingface/swift-transformers",
      "state" : {
        "revision" : "8a83416cc00ab07a5de9991e6ad817a9b8588d20",
        "version" : "0.1.15"
      }
    },
    {
      "identity" : "xctruntimeassertions",
      "kind" : "remoteSourceControl",
      "location" : "https://github.com/StanfordBDHG/XCTRuntimeAssertions.git",
      "state" : {
        "revision" : "f560ec8410af032dd485ca9386e8c2b5d3e1a1f8",
        "version" : "1.1.3"
      }
    }
  ],
  "version" : 3
}
